
Microsoft Visual Studio Solution File, Format Version 12.00
# Visual Studio Version 17
VisualStudioVersion = 17.8.34525.116
MinimumVisualStudioVersion = 10.0.40219.1
Project("{FAE04EC0-301F-11D3-BF4B-00C04F79EFBC}") = "COMP003A.LectureActivity4", "COMP003A.LectureActivity4\COMP003A.LectureActivity4.csproj", "{94C8750D-5A55-480F-86AB-395E668FFBE5}"
EndProject
Global
	GlobalSection(SolutionConfigurationPlatforms) = preSolution
		Debug|Any CPU = Debug|Any CPU
		Release|Any CPU = Release|Any CPU
	EndGlobalSection
	GlobalSection(ProjectConfigurationPlatforms) = postSolution
		{94C8750D-5A55-480F-86AB-395E668FFBE5}.Debug|Any CPU.ActiveCfg = Debug|Any CPU
		{94C8750D-5A55-480F-86AB-395E668FFBE5}.Debug|Any CPU.Build.0 = Debug|Any CPU
		{94C8750D-5A55-480F-86AB-395E668FFBE5}.Release|Any CPU.ActiveCfg = Release|Any CPU
		{94C8750D-5A55-480F-86AB-395E668FFBE5}.Release|Any CPU.Build.0 = Release|Any CPU
	EndGlobalSection
	GlobalSection(SolutionProperties) = preSolution
		HideSolutionNode = FALSE
	EndGlobalSection
	GlobalSection(ExtensibilityGlobals) = postSolution
		SolutionGuid = {1C2DB219-0CC8-4B4E-99D7-C30B25CAA4DF}
	EndGlobalSection
EndGlobal
